
Microsoft Visual Studio Solution File, Format Version 12.00
# Visual Studio Version 16
VisualStudioVersion = 16.0.810.21
MinimumVisualStudioVersion = 10.0.40219.1
Project("{FAE04EC0-301F-11D3-BF4B-00C04F79EFBC}") = "EmployeeProj", "EmployeeProj.csproj", "{1E1B71CD-55A4-48C7-A21F-6D75290514DD}"
EndProject
Global
	GlobalSection(SolutionConfigurationPlatforms) = preSolution
		Debug|Any CPU = Debug|Any CPU
		Release|Any CPU = Release|Any CPU
	EndGlobalSection
	GlobalSection(ProjectConfigurationPlatforms) = postSolution
		{1E1B71CD-55A4-48C7-A21F-6D75290514DD}.Debug|Any CPU.ActiveCfg = Debug|Any CPU
		{1E1B71CD-55A4-48C7-A21F-6D75290514DD}.Debug|Any CPU.Build.0 = Debug|Any CPU
		{1E1B71CD-55A4-48C7-A21F-6D75290514DD}.Release|Any CPU.ActiveCfg = Release|Any CPU
		{1E1B71CD-55A4-48C7-A21F-6D75290514DD}.Release|Any CPU.Build.0 = Release|Any CPU
	EndGlobalSection
	GlobalSection(SolutionProperties) = preSolution
		HideSolutionNode = FALSE
	EndGlobalSection
	GlobalSection(ExtensibilityGlobals) = postSolution
		SolutionGuid = {B1C36825-DF76-49C6-94E1-28453DECC0BE}
	EndGlobalSection
EndGlobal
