
Microsoft Visual Studio Solution File, Format Version 12.00
# Visual Studio Version 16
VisualStudioVersion = 16.0.810.21
MinimumVisualStudioVersion = 10.0.40219.1
Project("{FAE04EC0-301F-11D3-BF4B-00C04F79EFBC}") = "EmployeeProj", "EmployeeProj\EmployeeProj.csproj", "{68476E6F-353F-46A7-A27E-63967FF1E2A9}"
EndProject
Global
	GlobalSection(SolutionConfigurationPlatforms) = preSolution
		Debug|Any CPU = Debug|Any CPU
		Release|Any CPU = Release|Any CPU
	EndGlobalSection
	GlobalSection(ProjectConfigurationPlatforms) = postSolution
		{68476E6F-353F-46A7-A27E-63967FF1E2A9}.Debug|Any CPU.ActiveCfg = Debug|Any CPU
		{68476E6F-353F-46A7-A27E-63967FF1E2A9}.Debug|Any CPU.Build.0 = Debug|Any CPU
		{68476E6F-353F-46A7-A27E-63967FF1E2A9}.Release|Any CPU.ActiveCfg = Release|Any CPU
		{68476E6F-353F-46A7-A27E-63967FF1E2A9}.Release|Any CPU.Build.0 = Release|Any CPU
	EndGlobalSection
	GlobalSection(SolutionProperties) = preSolution
		HideSolutionNode = FALSE
	EndGlobalSection
	GlobalSection(ExtensibilityGlobals) = postSolution
		SolutionGuid = {40EEB202-A921-40D2-BDED-F8B979F447F9}
	EndGlobalSection
EndGlobal
